<?xml version="1.0" encoding="Windows-1252"?>
<Project ToolsVersion="12.0" xmlns="http://schemas.microsoft.com/developer/msbuild/2003">
  <ItemGroup>
    <CustomBuild Include="L:\OpenGL\Projet\build_debug_x86\CMakeFiles\b4ad694cc7740290bd1d32875ed7efce\INSTALL_force.rule">
      <Filter>CMake Rules</Filter>
    </CustomBuild>
  </ItemGroup>
  <ItemGroup>
    <Filter Include="CMake Rules">
      <UniqueIdentifier>{E2E095F8-2F94-4920-A664-3A8C40CA007B}</UniqueIdentifier>
    </Filter>
  </ItemGroup>
</Project>
