<?xml version="1.0" encoding="Windows-1252"?>
<Project ToolsVersion="12.0" xmlns="http://schemas.microsoft.com/developer/msbuild/2003">
  <ItemGroup>
    <ClCompile Include="L:\OpenGL\Projet\src\Core\App.cpp">
      <Filter>Core</Filter>
    </ClCompile>
    <ClCompile Include="L:\OpenGL\Projet\src\Core\GUIState.cpp">
      <Filter>Core</Filter>
    </ClCompile>
    <ClCompile Include="L:\OpenGL\Projet\src\Utils\Camera.cpp">
      <Filter>Utils</Filter>
    </ClCompile>
    <ClCompile Include="L:\OpenGL\Projet\src\main.cpp">
      <Filter>Source Files</Filter>
    </ClCompile>
  </ItemGroup>
  <ItemGroup>
    <ClInclude Include="L:\OpenGL\Projet\src\Core\App.h">
      <Filter>Core</Filter>
    </ClInclude>
    <ClInclude Include="L:\OpenGL\Projet\src\Core\GUIState.h">
      <Filter>Core</Filter>
    </ClInclude>
    <ClInclude Include="L:\OpenGL\Projet\src\Utils\Camera.h">
      <Filter>Utils</Filter>
    </ClInclude>
  </ItemGroup>
  <ItemGroup>
    <CustomBuild Include="L:\OpenGL\Projet\src\CMakeLists.txt" />
  </ItemGroup>
  <ItemGroup>
    <Filter Include="Source Files">
      <UniqueIdentifier>{22A7247C-484C-4F16-B98D-ED33749752EC}</UniqueIdentifier>
    </Filter>
    <Filter Include="Core">
      <UniqueIdentifier>{885824C4-7FFE-45F8-80FA-514111D2BBE4}</UniqueIdentifier>
    </Filter>
    <Filter Include="Utils">
      <UniqueIdentifier>{E57008C0-C63C-47CC-A038-92688057428B}</UniqueIdentifier>
    </Filter>
  </ItemGroup>
</Project>
